
Microsoft Visual Studio Solution File, Format Version 12.00
# Visual Studio 2013
VisualStudioVersion = 12.0.21005.1
MinimumVisualStudioVersion = 10.0.40219.1
Project("{FAE04EC0-301F-11D3-BF4B-00C04F79EFBC}") = "TheGameOfLifeNoPrimitivesKata", "TheGameOfLifeNoPrimitivesKata\TheGameOfLifeNoPrimitivesKata.csproj", "{29434CC2-289D-4408-815C-036199595F79}"
EndProject
Project("{FAE04EC0-301F-11D3-BF4B-00C04F79EFBC}") = "GameOfLifeNoPrimitivesTests", "GameOfLifeNoPrimitivesTests\GameOfLifeNoPrimitivesTests.csproj", "{307D4667-505D-4AD6-B90D-BB67692B317E}"
EndProject
Project("{FAE04EC0-301F-11D3-BF4B-00C04F79EFBC}") = "Cell", "Cell\Cell.csproj", "{82CDBF4F-9CC5-4394-B5DC-102FF98F4725}"
EndProject
Global
	GlobalSection(SolutionConfigurationPlatforms) = preSolution
		Debug|Any CPU = Debug|Any CPU
		Release|Any CPU = Release|Any CPU
	EndGlobalSection
	GlobalSection(ProjectConfigurationPlatforms) = postSolution
		{29434CC2-289D-4408-815C-036199595F79}.Debug|Any CPU.ActiveCfg = Debug|Any CPU
		{29434CC2-289D-4408-815C-036199595F79}.Debug|Any CPU.Build.0 = Debug|Any CPU
		{29434CC2-289D-4408-815C-036199595F79}.Release|Any CPU.ActiveCfg = Release|Any CPU
		{29434CC2-289D-4408-815C-036199595F79}.Release|Any CPU.Build.0 = Release|Any CPU
		{307D4667-505D-4AD6-B90D-BB67692B317E}.Debug|Any CPU.ActiveCfg = Debug|Any CPU
		{307D4667-505D-4AD6-B90D-BB67692B317E}.Debug|Any CPU.Build.0 = Debug|Any CPU
		{307D4667-505D-4AD6-B90D-BB67692B317E}.Release|Any CPU.ActiveCfg = Release|Any CPU
		{307D4667-505D-4AD6-B90D-BB67692B317E}.Release|Any CPU.Build.0 = Release|Any CPU
		{82CDBF4F-9CC5-4394-B5DC-102FF98F4725}.Debug|Any CPU.ActiveCfg = Debug|Any CPU
		{82CDBF4F-9CC5-4394-B5DC-102FF98F4725}.Debug|Any CPU.Build.0 = Debug|Any CPU
		{82CDBF4F-9CC5-4394-B5DC-102FF98F4725}.Release|Any CPU.ActiveCfg = Release|Any CPU
		{82CDBF4F-9CC5-4394-B5DC-102FF98F4725}.Release|Any CPU.Build.0 = Release|Any CPU
	EndGlobalSection
	GlobalSection(SolutionProperties) = preSolution
		HideSolutionNode = FALSE
	EndGlobalSection
EndGlobal
